
Microsoft Visual Studio Solution File, Format Version 12.00
# Visual Studio Version 16
VisualStudioVersion = 16.0.31410.357
MinimumVisualStudioVersion = 10.0.40219.1
Project("{FAE04EC0-301F-11D3-BF4B-00C04F79EFBC}") = "HospitalManagement", "HospitalManagement\HospitalManagement.csproj", "{D822ED57-C590-4483-A658-89DBA34BEFFF}"
EndProject
Global
	GlobalSection(SolutionConfigurationPlatforms) = preSolution
		Debug|Any CPU = Debug|Any CPU
		Release|Any CPU = Release|Any CPU
	EndGlobalSection
	GlobalSection(ProjectConfigurationPlatforms) = postSolution
		{D822ED57-C590-4483-A658-89DBA34BEFFF}.Debug|Any CPU.ActiveCfg = Debug|Any CPU
		{D822ED57-C590-4483-A658-89DBA34BEFFF}.Debug|Any CPU.Build.0 = Debug|Any CPU
		{D822ED57-C590-4483-A658-89DBA34BEFFF}.Release|Any CPU.ActiveCfg = Release|Any CPU
		{D822ED57-C590-4483-A658-89DBA34BEFFF}.Release|Any CPU.Build.0 = Release|Any CPU
	EndGlobalSection
	GlobalSection(SolutionProperties) = preSolution
		HideSolutionNode = FALSE
	EndGlobalSection
	GlobalSection(ExtensibilityGlobals) = postSolution
		SolutionGuid = {B9380EA2-DABC-4AD5-8D38-78B2240A5099}
	EndGlobalSection
EndGlobal
